// !$*UTF8*$!
{
	archiveVersion = 1;
	classes = {
	};
	objectVersion = 56;
	objects = {

/* Begin PBXBuildFile section */
		1C4C42682CA43AFA00AFB05D /* AppDelegate.swift in Sources */ = {isa = PBXBuildFile; fileRef = 1C4C42672CA43AFA00AFB05D /* AppDelegate.swift */; };
		1C4C426A2CA43AFA00AFB05D /* SceneDelegate.swift in Sources */ = {isa = PBXBuildFile; fileRef = 1C4C42692CA43AFA00AFB05D /* SceneDelegate.swift */; };
		1C4C42712CA43AFD00AFB05D /* Assets.xcassets in Resources */ = {isa = PBXBuildFile; fileRef = 1C4C42702CA43AFD00AFB05D /* Assets.xcassets */; };
		1C4C42742CA43AFD00AFB05D /* LaunchScreen.storyboard in Resources */ = {isa = PBXBuildFile; fileRef = 1C4C42722CA43AFD00AFB05D /* LaunchScreen.storyboard */; };
		1C4C427F2CA43AFE00AFB05D /* WeatherTests.swift in Sources */ = {isa = PBXBuildFile; fileRef = 1C4C427E2CA43AFE00AFB05D /* WeatherTests.swift */; };
		1C4C42892CA43AFE00AFB05D /* WeatherUITests.swift in Sources */ = {isa = PBXBuildFile; fileRef = 1C4C42882CA43AFE00AFB05D /* WeatherUITests.swift */; };
		1C4C428B2CA43AFE00AFB05D /* WeatherUITestsLaunchTests.swift in Sources */ = {isa = PBXBuildFile; fileRef = 1C4C428A2CA43AFE00AFB05D /* WeatherUITestsLaunchTests.swift */; };
		1C4C42982CA43EA100AFB05D /* ApplicationCoordinator.swift in Sources */ = {isa = PBXBuildFile; fileRef = 1C4C42972CA43EA100AFB05D /* ApplicationCoordinator.swift */; };
		1C4C429B2CA43F3F00AFB05D /* RouterProtocol.swift in Sources */ = {isa = PBXBuildFile; fileRef = 1C4C429A2CA43F3F00AFB05D /* RouterProtocol.swift */; };
		1C4C429D2CA43F6900AFB05D /* Router.swift in Sources */ = {isa = PBXBuildFile; fileRef = 1C4C429C2CA43F6900AFB05D /* Router.swift */; };
		1C4C42A02CA4405000AFB05D /* CustomNavigationController.swift in Sources */ = {isa = PBXBuildFile; fileRef = 1C4C429F2CA4405000AFB05D /* CustomNavigationController.swift */; };
		1C52B4EB2CA568EA00EE0679 /* WeatherDetailsViewController.swift in Sources */ = {isa = PBXBuildFile; fileRef = 1C52B4EA2CA568EA00EE0679 /* WeatherDetailsViewController.swift */; };
		1C5C6E542CA46AA600D89BD9 /* LocationPickerViewController.swift in Sources */ = {isa = PBXBuildFile; fileRef = 1C5C6E532CA46AA600D89BD9 /* LocationPickerViewController.swift */; };
		1C5C6E592CA46B0E00D89BD9 /* SnapKit in Frameworks */ = {isa = PBXBuildFile; productRef = 1C5C6E582CA46B0E00D89BD9 /* SnapKit */; };
		1C5C6E5B2CA46B1D00D89BD9 /* BaseViewController.swift in Sources */ = {isa = PBXBuildFile; fileRef = 1C5C6E5A2CA46B1D00D89BD9 /* BaseViewController.swift */; };
		1C5C6E5D2CA46C2E00D89BD9 /* RxSwift in Frameworks */ = {isa = PBXBuildFile; productRef = 1C5C6E5C2CA46C2E00D89BD9 /* RxSwift */; };
		1C5C6E5F2CA46C3400D89BD9 /* RxCocoa in Frameworks */ = {isa = PBXBuildFile; productRef = 1C5C6E5E2CA46C3400D89BD9 /* RxCocoa */; };
		1C5C6E612CA46C6100D89BD9 /* LocationPickerViewModel.swift in Sources */ = {isa = PBXBuildFile; fileRef = 1C5C6E602CA46C6100D89BD9 /* LocationPickerViewModel.swift */; };
		1C5C6E632CA46D8200D89BD9 /* ViewModelBinding.swift in Sources */ = {isa = PBXBuildFile; fileRef = 1C5C6E622CA46D8200D89BD9 /* ViewModelBinding.swift */; };
		1C5C6E662CA47E6D00D89BD9 /* WeatherApiClientProtocol.swift in Sources */ = {isa = PBXBuildFile; fileRef = 1C5C6E652CA47E6D00D89BD9 /* WeatherApiClientProtocol.swift */; };
		1C5C6E692CA47E9400D89BD9 /* LocationDto.swift in Sources */ = {isa = PBXBuildFile; fileRef = 1C5C6E682CA47E9400D89BD9 /* LocationDto.swift */; };
		1C5C6E6B2CA47EBA00D89BD9 /* APIRequestProtocol.swift in Sources */ = {isa = PBXBuildFile; fileRef = 1C5C6E6A2CA47EBA00D89BD9 /* APIRequestProtocol.swift */; };
		1C5C6E6D2CA47EE500D89BD9 /* RequestMethodType.swift in Sources */ = {isa = PBXBuildFile; fileRef = 1C5C6E6C2CA47EE500D89BD9 /* RequestMethodType.swift */; };
		1C5C6E702CA47F2A00D89BD9 /* AccuWeatherApiClient.swift in Sources */ = {isa = PBXBuildFile; fileRef = 1C5C6E6F2CA47F2A00D89BD9 /* AccuWeatherApiClient.swift */; };
		1C5C6E732CA47F9300D89BD9 /* AccuWeatherLocationSearchRequest.swift in Sources */ = {isa = PBXBuildFile; fileRef = 1C5C6E722CA47F9300D89BD9 /* AccuWeatherLocationSearchRequest.swift */; };
/* End PBXBuildFile section */

/* Begin PBXContainerItemProxy section */
		1C4C427B2CA43AFD00AFB05D /* PBXContainerItemProxy */ = {
			isa = PBXContainerItemProxy;
			containerPortal = 1C4C425C2CA43AFA00AFB05D /* Project object */;
			proxyType = 1;
			remoteGlobalIDString = 1C4C42632CA43AFA00AFB05D;
			remoteInfo = Weather;
		};
		1C4C42852CA43AFE00AFB05D /* PBXContainerItemProxy */ = {
			isa = PBXContainerItemProxy;
			containerPortal = 1C4C425C2CA43AFA00AFB05D /* Project object */;
			proxyType = 1;
			remoteGlobalIDString = 1C4C42632CA43AFA00AFB05D;
			remoteInfo = Weather;
		};
/* End PBXContainerItemProxy section */

/* Begin PBXFileReference section */
		1C4C42642CA43AFA00AFB05D /* Weather.app */ = {isa = PBXFileReference; explicitFileType = wrapper.application; includeInIndex = 0; path = Weather.app; sourceTree = BUILT_PRODUCTS_DIR; };
		1C4C42672CA43AFA00AFB05D /* AppDelegate.swift */ = {isa = PBXFileReference; lastKnownFileType = sourcecode.swift; path = AppDelegate.swift; sourceTree = "<group>"; };
		1C4C42692CA43AFA00AFB05D /* SceneDelegate.swift */ = {isa = PBXFileReference; lastKnownFileType = sourcecode.swift; path = SceneDelegate.swift; sourceTree = "<group>"; };
		1C4C42702CA43AFD00AFB05D /* Assets.xcassets */ = {isa = PBXFileReference; lastKnownFileType = folder.assetcatalog; path = Assets.xcassets; sourceTree = "<group>"; };
		1C4C42732CA43AFD00AFB05D /* Base */ = {isa = PBXFileReference; lastKnownFileType = file.storyboard; name = Base; path = Base.lproj/LaunchScreen.storyboard; sourceTree = "<group>"; };
		1C4C42752CA43AFD00AFB05D /* Info.plist */ = {isa = PBXFileReference; lastKnownFileType = text.plist.xml; path = Info.plist; sourceTree = "<group>"; };
		1C4C427A2CA43AFD00AFB05D /* WeatherTests.xctest */ = {isa = PBXFileReference; explicitFileType = wrapper.cfbundle; includeInIndex = 0; path = WeatherTests.xctest; sourceTree = BUILT_PRODUCTS_DIR; };
		1C4C427E2CA43AFE00AFB05D /* WeatherTests.swift */ = {isa = PBXFileReference; lastKnownFileType = sourcecode.swift; path = WeatherTests.swift; sourceTree = "<group>"; };
		1C4C42842CA43AFE00AFB05D /* WeatherUITests.xctest */ = {isa = PBXFileReference; explicitFileType = wrapper.cfbundle; includeInIndex = 0; path = WeatherUITests.xctest; sourceTree = BUILT_PRODUCTS_DIR; };
		1C4C42882CA43AFE00AFB05D /* WeatherUITests.swift */ = {isa = PBXFileReference; lastKnownFileType = sourcecode.swift; path = WeatherUITests.swift; sourceTree = "<group>"; };
		1C4C428A2CA43AFE00AFB05D /* WeatherUITestsLaunchTests.swift */ = {isa = PBXFileReference; lastKnownFileType = sourcecode.swift; path = WeatherUITestsLaunchTests.swift; sourceTree = "<group>"; };
		1C4C42972CA43EA100AFB05D /* ApplicationCoordinator.swift */ = {isa = PBXFileReference; lastKnownFileType = sourcecode.swift; path = ApplicationCoordinator.swift; sourceTree = "<group>"; };
		1C4C429A2CA43F3F00AFB05D /* RouterProtocol.swift */ = {isa = PBXFileReference; lastKnownFileType = sourcecode.swift; path = RouterProtocol.swift; sourceTree = "<group>"; };
		1C4C429C2CA43F6900AFB05D /* Router.swift */ = {isa = PBXFileReference; lastKnownFileType = sourcecode.swift; path = Router.swift; sourceTree = "<group>"; };
		1C4C429F2CA4405000AFB05D /* CustomNavigationController.swift */ = {isa = PBXFileReference; lastKnownFileType = sourcecode.swift; path = CustomNavigationController.swift; sourceTree = "<group>"; };
		1C52B4EA2CA568EA00EE0679 /* WeatherDetailsViewController.swift */ = {isa = PBXFileReference; lastKnownFileType = sourcecode.swift; path = WeatherDetailsViewController.swift; sourceTree = "<group>"; };
		1C5C6E532CA46AA600D89BD9 /* LocationPickerViewController.swift */ = {isa = PBXFileReference; fileEncoding = 4; lastKnownFileType = sourcecode.swift; path = LocationPickerViewController.swift; sourceTree = "<group>"; };
		1C5C6E5A2CA46B1D00D89BD9 /* BaseViewController.swift */ = {isa = PBXFileReference; fileEncoding = 4; lastKnownFileType = sourcecode.swift; path = BaseViewController.swift; sourceTree = "<group>"; };
		1C5C6E602CA46C6100D89BD9 /* LocationPickerViewModel.swift */ = {isa = PBXFileReference; lastKnownFileType = sourcecode.swift; path = LocationPickerViewModel.swift; sourceTree = "<group>"; };
		1C5C6E622CA46D8200D89BD9 /* ViewModelBinding.swift */ = {isa = PBXFileReference; lastKnownFileType = sourcecode.swift; path = ViewModelBinding.swift; sourceTree = "<group>"; };
		1C5C6E652CA47E6D00D89BD9 /* WeatherApiClientProtocol.swift */ = {isa = PBXFileReference; lastKnownFileType = sourcecode.swift; path = WeatherApiClientProtocol.swift; sourceTree = "<group>"; };
		1C5C6E682CA47E9400D89BD9 /* LocationDto.swift */ = {isa = PBXFileReference; lastKnownFileType = sourcecode.swift; path = LocationDto.swift; sourceTree = "<group>"; };
		1C5C6E6A2CA47EBA00D89BD9 /* APIRequestProtocol.swift */ = {isa = PBXFileReference; lastKnownFileType = sourcecode.swift; path = APIRequestProtocol.swift; sourceTree = "<group>"; };
		1C5C6E6C2CA47EE500D89BD9 /* RequestMethodType.swift */ = {isa = PBXFileReference; lastKnownFileType = sourcecode.swift; path = RequestMethodType.swift; sourceTree = "<group>"; };
		1C5C6E6F2CA47F2A00D89BD9 /* AccuWeatherApiClient.swift */ = {isa = PBXFileReference; lastKnownFileType = sourcecode.swift; path = AccuWeatherApiClient.swift; sourceTree = "<group>"; };
		1C5C6E722CA47F9300D89BD9 /* AccuWeatherLocationSearchRequest.swift */ = {isa = PBXFileReference; lastKnownFileType = sourcecode.swift; path = AccuWeatherLocationSearchRequest.swift; sourceTree = "<group>"; };
/* End PBXFileReference section */

/* Begin PBXFrameworksBuildPhase section */
		1C4C42612CA43AFA00AFB05D /* Frameworks */ = {
			isa = PBXFrameworksBuildPhase;
			buildActionMask = 2147483647;
			files = (
				1C5C6E5F2CA46C3400D89BD9 /* RxCocoa in Frameworks */,
				1C5C6E5D2CA46C2E00D89BD9 /* RxSwift in Frameworks */,
				1C5C6E592CA46B0E00D89BD9 /* SnapKit in Frameworks */,
			);
			runOnlyForDeploymentPostprocessing = 0;
		};
		1C4C42772CA43AFD00AFB05D /* Frameworks */ = {
			isa = PBXFrameworksBuildPhase;
			buildActionMask = 2147483647;
			files = (
			);
			runOnlyForDeploymentPostprocessing = 0;
		};
		1C4C42812CA43AFE00AFB05D /* Frameworks */ = {
			isa = PBXFrameworksBuildPhase;
			buildActionMask = 2147483647;
			files = (
			);
			runOnlyForDeploymentPostprocessing = 0;
		};
/* End PBXFrameworksBuildPhase section */

/* Begin PBXGroup section */
		1C4C425B2CA43AFA00AFB05D = {
			isa = PBXGroup;
			children = (
				1C4C42662CA43AFA00AFB05D /* Weather */,
				1C4C427D2CA43AFD00AFB05D /* WeatherTests */,
				1C4C42872CA43AFE00AFB05D /* WeatherUITests */,
				1C4C42652CA43AFA00AFB05D /* Products */,
				1C5C6E552CA46AF400D89BD9 /* Frameworks */,
			);
			sourceTree = "<group>";
		};
		1C4C42652CA43AFA00AFB05D /* Products */ = {
			isa = PBXGroup;
			children = (
				1C4C42642CA43AFA00AFB05D /* Weather.app */,
				1C4C427A2CA43AFD00AFB05D /* WeatherTests.xctest */,
				1C4C42842CA43AFE00AFB05D /* WeatherUITests.xctest */,
			);
			name = Products;
			sourceTree = "<group>";
		};
		1C4C42662CA43AFA00AFB05D /* Weather */ = {
			isa = PBXGroup;
			children = (
				1C4C42672CA43AFA00AFB05D /* AppDelegate.swift */,
				1C4C42692CA43AFA00AFB05D /* SceneDelegate.swift */,
				1C4C42972CA43EA100AFB05D /* ApplicationCoordinator.swift */,
				1C5C6E522CA46AA600D89BD9 /* LocationPicker */,
				1C52B4E92CA568CE00EE0679 /* WeatherDetails */,
				1C4C42992CA43F3200AFB05D /* Router */,
				1C5C6E642CA47E5500D89BD9 /* Networking */,
				1C4C429E2CA4403800AFB05D /* Other */,
				1C4C42702CA43AFD00AFB05D /* Assets.xcassets */,
				1C4C42722CA43AFD00AFB05D /* LaunchScreen.storyboard */,
				1C4C42752CA43AFD00AFB05D /* Info.plist */,
			);
			path = Weather;
			sourceTree = "<group>";
		};
		1C4C427D2CA43AFD00AFB05D /* WeatherTests */ = {
			isa = PBXGroup;
			children = (
				1C4C427E2CA43AFE00AFB05D /* WeatherTests.swift */,
			);
			path = WeatherTests;
			sourceTree = "<group>";
		};
		1C4C42872CA43AFE00AFB05D /* WeatherUITests */ = {
			isa = PBXGroup;
			children = (
				1C4C42882CA43AFE00AFB05D /* WeatherUITests.swift */,
				1C4C428A2CA43AFE00AFB05D /* WeatherUITestsLaunchTests.swift */,
			);
			path = WeatherUITests;
			sourceTree = "<group>";
		};
		1C4C42992CA43F3200AFB05D /* Router */ = {
			isa = PBXGroup;
			children = (
				1C4C429A2CA43F3F00AFB05D /* RouterProtocol.swift */,
				1C4C429C2CA43F6900AFB05D /* Router.swift */,
			);
			path = Router;
			sourceTree = "<group>";
		};
		1C4C429E2CA4403800AFB05D /* Other */ = {
			isa = PBXGroup;
			children = (
				1C4C429F2CA4405000AFB05D /* CustomNavigationController.swift */,
				1C5C6E5A2CA46B1D00D89BD9 /* BaseViewController.swift */,
				1C5C6E622CA46D8200D89BD9 /* ViewModelBinding.swift */,
			);
			path = Other;
			sourceTree = "<group>";
		};
		1C52B4E92CA568CE00EE0679 /* WeatherDetails */ = {
			isa = PBXGroup;
			children = (
				1C52B4EA2CA568EA00EE0679 /* WeatherDetailsViewController.swift */,
			);
			path = WeatherDetails;
			sourceTree = "<group>";
		};
		1C5C6E522CA46AA600D89BD9 /* LocationPicker */ = {
			isa = PBXGroup;
			children = (
				1C5C6E532CA46AA600D89BD9 /* LocationPickerViewController.swift */,
				1C5C6E602CA46C6100D89BD9 /* LocationPickerViewModel.swift */,
			);
			path = LocationPicker;
			sourceTree = "<group>";
		};
		1C5C6E552CA46AF400D89BD9 /* Frameworks */ = {
			isa = PBXGroup;
			children = (
			);
			name = Frameworks;
			sourceTree = "<group>";
		};
		1C5C6E642CA47E5500D89BD9 /* Networking */ = {
			isa = PBXGroup;
			children = (
				1C5C6E6E2CA47F1A00D89BD9 /* AccuWeather */,
				1C5C6E672CA47E8A00D89BD9 /* DTO */,
				1C5C6E652CA47E6D00D89BD9 /* WeatherApiClientProtocol.swift */,
				1C5C6E6A2CA47EBA00D89BD9 /* APIRequestProtocol.swift */,
				1C5C6E6C2CA47EE500D89BD9 /* RequestMethodType.swift */,
			);
			path = Networking;
			sourceTree = "<group>";
		};
		1C5C6E672CA47E8A00D89BD9 /* DTO */ = {
			isa = PBXGroup;
			children = (
				1C5C6E682CA47E9400D89BD9 /* LocationDto.swift */,
			);
			path = DTO;
			sourceTree = "<group>";
		};
		1C5C6E6E2CA47F1A00D89BD9 /* AccuWeather */ = {
			isa = PBXGroup;
			children = (
				1C5C6E712CA47F5800D89BD9 /* Requests */,
				1C5C6E6F2CA47F2A00D89BD9 /* AccuWeatherApiClient.swift */,
			);
			path = AccuWeather;
			sourceTree = "<group>";
		};
		1C5C6E712CA47F5800D89BD9 /* Requests */ = {
			isa = PBXGroup;
			children = (
				1C5C6E722CA47F9300D89BD9 /* AccuWeatherLocationSearchRequest.swift */,
			);
			path = Requests;
			sourceTree = "<group>";
		};
/* End PBXGroup section */

/* Begin PBXNativeTarget section */
		1C4C42632CA43AFA00AFB05D /* Weather */ = {
			isa = PBXNativeTarget;
			buildConfigurationList = 1C4C428E2CA43AFE00AFB05D /* Build configuration list for PBXNativeTarget "Weather" */;
			buildPhases = (
				1C4C42602CA43AFA00AFB05D /* Sources */,
				1C4C42612CA43AFA00AFB05D /* Frameworks */,
				1C4C42622CA43AFA00AFB05D /* Resources */,
			);
			buildRules = (
			);
			dependencies = (
			);
			name = Weather;
			packageProductDependencies = (
				1C5C6E582CA46B0E00D89BD9 /* SnapKit */,
				1C5C6E5C2CA46C2E00D89BD9 /* RxSwift */,
				1C5C6E5E2CA46C3400D89BD9 /* RxCocoa */,
			);
			productName = Weather;
			productReference = 1C4C42642CA43AFA00AFB05D /* Weather.app */;
			productType = "com.apple.product-type.application";
		};
		1C4C42792CA43AFD00AFB05D /* WeatherTests */ = {
			isa = PBXNativeTarget;
			buildConfigurationList = 1C4C42912CA43AFE00AFB05D /* Build configuration list for PBXNativeTarget "WeatherTests" */;
			buildPhases = (
				1C4C42762CA43AFD00AFB05D /* Sources */,
				1C4C42772CA43AFD00AFB05D /* Frameworks */,
				1C4C42782CA43AFD00AFB05D /* Resources */,
			);
			buildRules = (
			);
			dependencies = (
				1C4C427C2CA43AFD00AFB05D /* PBXTargetDependency */,
			);
			name = WeatherTests;
			productName = WeatherTests;
			productReference = 1C4C427A2CA43AFD00AFB05D /* WeatherTests.xctest */;
			productType = "com.apple.product-type.bundle.unit-test";
		};
		1C4C42832CA43AFE00AFB05D /* WeatherUITests */ = {
			isa = PBXNativeTarget;
			buildConfigurationList = 1C4C42942CA43AFE00AFB05D /* Build configuration list for PBXNativeTarget "WeatherUITests" */;
			buildPhases = (
				1C4C42802CA43AFE00AFB05D /* Sources */,
				1C4C42812CA43AFE00AFB05D /* Frameworks */,
				1C4C42822CA43AFE00AFB05D /* Resources */,
			);
			buildRules = (
			);
			dependencies = (
				1C4C42862CA43AFE00AFB05D /* PBXTargetDependency */,
			);
			name = WeatherUITests;
			productName = WeatherUITests;
			productReference = 1C4C42842CA43AFE00AFB05D /* WeatherUITests.xctest */;
			productType = "com.apple.product-type.bundle.ui-testing";
		};
/* End PBXNativeTarget section */

/* Begin PBXProject section */
		1C4C425C2CA43AFA00AFB05D /* Project object */ = {
			isa = PBXProject;
			attributes = {
				BuildIndependentTargetsInParallel = 1;
				LastSwiftUpdateCheck = 1520;
				LastUpgradeCheck = 1520;
				TargetAttributes = {
					1C4C42632CA43AFA00AFB05D = {
						CreatedOnToolsVersion = 15.2;
					};
					1C4C42792CA43AFD00AFB05D = {
						CreatedOnToolsVersion = 15.2;
						TestTargetID = 1C4C42632CA43AFA00AFB05D;
					};
					1C4C42832CA43AFE00AFB05D = {
						CreatedOnToolsVersion = 15.2;
						TestTargetID = 1C4C42632CA43AFA00AFB05D;
					};
				};
			};
			buildConfigurationList = 1C4C425F2CA43AFA00AFB05D /* Build configuration list for PBXProject "Weather" */;
			compatibilityVersion = "Xcode 14.0";
			developmentRegion = en;
			hasScannedForEncodings = 0;
			knownRegions = (
				en,
				Base,
			);
			mainGroup = 1C4C425B2CA43AFA00AFB05D;
			packageReferences = (
				1C4C42A12CA4415700AFB05D /* XCRemoteSwiftPackageReference "RxSwift" */,
				1C4C42A22CA4416B00AFB05D /* XCRemoteSwiftPackageReference "SnapKit" */,
			);
			productRefGroup = 1C4C42652CA43AFA00AFB05D /* Products */;
			projectDirPath = "";
			projectRoot = "";
			targets = (
				1C4C42632CA43AFA00AFB05D /* Weather */,
				1C4C42792CA43AFD00AFB05D /* WeatherTests */,
				1C4C42832CA43AFE00AFB05D /* WeatherUITests */,
			);
		};
/* End PBXProject section */

/* Begin PBXResourcesBuildPhase section */
		1C4C42622CA43AFA00AFB05D /* Resources */ = {
			isa = PBXResourcesBuildPhase;
			buildActionMask = 2147483647;
			files = (
				1C4C42742CA43AFD00AFB05D /* LaunchScreen.storyboard in Resources */,
				1C4C42712CA43AFD00AFB05D /* Assets.xcassets in Resources */,
			);
			runOnlyForDeploymentPostprocessing = 0;
		};
		1C4C42782CA43AFD00AFB05D /* Resources */ = {
			isa = PBXResourcesBuildPhase;
			buildActionMask = 2147483647;
			files = (
			);
			runOnlyForDeploymentPostprocessing = 0;
		};
		1C4C42822CA43AFE00AFB05D /* Resources */ = {
			isa = PBXResourcesBuildPhase;
			buildActionMask = 2147483647;
			files = (
			);
			runOnlyForDeploymentPostprocessing = 0;
		};
/* End PBXResourcesBuildPhase section */

/* Begin PBXSourcesBuildPhase section */
		1C4C42602CA43AFA00AFB05D /* Sources */ = {
			isa = PBXSourcesBuildPhase;
			buildActionMask = 2147483647;
			files = (
				1C5C6E632CA46D8200D89BD9 /* ViewModelBinding.swift in Sources */,
				1C5C6E612CA46C6100D89BD9 /* LocationPickerViewModel.swift in Sources */,
				1C5C6E6B2CA47EBA00D89BD9 /* APIRequestProtocol.swift in Sources */,
				1C4C42682CA43AFA00AFB05D /* AppDelegate.swift in Sources */,
				1C4C429B2CA43F3F00AFB05D /* RouterProtocol.swift in Sources */,
				1C5C6E732CA47F9300D89BD9 /* AccuWeatherLocationSearchRequest.swift in Sources */,
				1C4C426A2CA43AFA00AFB05D /* SceneDelegate.swift in Sources */,
				1C4C429D2CA43F6900AFB05D /* Router.swift in Sources */,
				1C5C6E5B2CA46B1D00D89BD9 /* BaseViewController.swift in Sources */,
				1C4C42982CA43EA100AFB05D /* ApplicationCoordinator.swift in Sources */,
				1C52B4EB2CA568EA00EE0679 /* WeatherDetailsViewController.swift in Sources */,
				1C5C6E692CA47E9400D89BD9 /* LocationDto.swift in Sources */,
				1C5C6E6D2CA47EE500D89BD9 /* RequestMethodType.swift in Sources */,
				1C5C6E662CA47E6D00D89BD9 /* WeatherApiClientProtocol.swift in Sources */,
				1C4C42A02CA4405000AFB05D /* CustomNavigationController.swift in Sources */,
				1C5C6E702CA47F2A00D89BD9 /* AccuWeatherApiClient.swift in Sources */,
				1C5C6E542CA46AA600D89BD9 /* LocationPickerViewController.swift in Sources */,
			);
			runOnlyForDeploymentPostprocessing = 0;
		};
		1C4C42762CA43AFD00AFB05D /* Sources */ = {
			isa = PBXSourcesBuildPhase;
			buildActionMask = 2147483647;
			files = (
				1C4C427F2CA43AFE00AFB05D /* WeatherTests.swift in Sources */,
			);
			runOnlyForDeploymentPostprocessing = 0;
		};
		1C4C42802CA43AFE00AFB05D /* Sources */ = {
			isa = PBXSourcesBuildPhase;
			buildActionMask = 2147483647;
			files = (
				1C4C42892CA43AFE00AFB05D /* WeatherUITests.swift in Sources */,
				1C4C428B2CA43AFE00AFB05D /* WeatherUITestsLaunchTests.swift in Sources */,
			);
			runOnlyForDeploymentPostprocessing = 0;
		};
/* End PBXSourcesBuildPhase section */

/* Begin PBXTargetDependency section */
		1C4C427C2CA43AFD00AFB05D /* PBXTargetDependency */ = {
			isa = PBXTargetDependency;
			target = 1C4C42632CA43AFA00AFB05D /* Weather */;
			targetProxy = 1C4C427B2CA43AFD00AFB05D /* PBXContainerItemProxy */;
		};
		1C4C42862CA43AFE00AFB05D /* PBXTargetDependency */ = {
			isa = PBXTargetDependency;
			target = 1C4C42632CA43AFA00AFB05D /* Weather */;
			targetProxy = 1C4C42852CA43AFE00AFB05D /* PBXContainerItemProxy */;
		};
/* End PBXTargetDependency section */

/* Begin PBXVariantGroup section */
		1C4C42722CA43AFD00AFB05D /* LaunchScreen.storyboard */ = {
			isa = PBXVariantGroup;
			children = (
				1C4C42732CA43AFD00AFB05D /* Base */,
			);
			name = LaunchScreen.storyboard;
			sourceTree = "<group>";
		};
/* End PBXVariantGroup section */

/* Begin XCBuildConfiguration section */
		1C4C428C2CA43AFE00AFB05D /* Debug */ = {
			isa = XCBuildConfiguration;
			buildSettings = {
				ALWAYS_SEARCH_USER_PATHS = NO;
				ASSETCATALOG_COMPILER_GENERATE_SWIFT_ASSET_SYMBOL_EXTENSIONS = YES;
				CLANG_ANALYZER_NONNULL = YES;
				CLANG_ANALYZER_NUMBER_OBJECT_CONVERSION = YES_AGGRESSIVE;
				CLANG_CXX_LANGUAGE_STANDARD = "gnu++20";
				CLANG_ENABLE_MODULES = YES;
				CLANG_ENABLE_OBJC_ARC = YES;
				CLANG_ENABLE_OBJC_WEAK = YES;
				CLANG_WARN_BLOCK_CAPTURE_AUTORELEASING = YES;
				CLANG_WARN_BOOL_CONVERSION = YES;
				CLANG_WARN_COMMA = YES;
				CLANG_WARN_CONSTANT_CONVERSION = YES;
				CLANG_WARN_DEPRECATED_OBJC_IMPLEMENTATIONS = YES;
				CLANG_WARN_DIRECT_OBJC_ISA_USAGE = YES_ERROR;
				CLANG_WARN_DOCUMENTATION_COMMENTS = YES;
				CLANG_WARN_EMPTY_BODY = YES;
				CLANG_WARN_ENUM_CONVERSION = YES;
				CLANG_WARN_INFINITE_RECURSION = YES;
				CLANG_WARN_INT_CONVERSION = YES;
				CLANG_WARN_NON_LITERAL_NULL_CONVERSION = YES;
				CLANG_WARN_OBJC_IMPLICIT_RETAIN_SELF = YES;
				CLANG_WARN_OBJC_LITERAL_CONVERSION = YES;
				CLANG_WARN_OBJC_ROOT_CLASS = YES_ERROR;
				CLANG_WARN_QUOTED_INCLUDE_IN_FRAMEWORK_HEADER = YES;
				CLANG_WARN_RANGE_LOOP_ANALYSIS = YES;
				CLANG_WARN_STRICT_PROTOTYPES = YES;
				CLANG_WARN_SUSPICIOUS_MOVE = YES;
				CLANG_WARN_UNGUARDED_AVAILABILITY = YES_AGGRESSIVE;
				CLANG_WARN_UNREACHABLE_CODE = YES;
				CLANG_WARN__DUPLICATE_METHOD_MATCH = YES;
				COPY_PHASE_STRIP = NO;
				DEBUG_INFORMATION_FORMAT = dwarf;
				ENABLE_STRICT_OBJC_MSGSEND = YES;
				ENABLE_TESTABILITY = YES;
				ENABLE_USER_SCRIPT_SANDBOXING = YES;
				GCC_C_LANGUAGE_STANDARD = gnu17;
				GCC_DYNAMIC_NO_PIC = NO;
				GCC_NO_COMMON_BLOCKS = YES;
				GCC_OPTIMIZATION_LEVEL = 0;
				GCC_PREPROCESSOR_DEFINITIONS = (
					"DEBUG=1",
					"$(inherited)",
				);
				GCC_WARN_64_TO_32_BIT_CONVERSION = YES;
				GCC_WARN_ABOUT_RETURN_TYPE = YES_ERROR;
				GCC_WARN_UNDECLARED_SELECTOR = YES;
				GCC_WARN_UNINITIALIZED_AUTOS = YES_AGGRESSIVE;
				GCC_WARN_UNUSED_FUNCTION = YES;
				GCC_WARN_UNUSED_VARIABLE = YES;
				IPHONEOS_DEPLOYMENT_TARGET = 13.0;
				LOCALIZATION_PREFERS_STRING_CATALOGS = YES;
				MTL_ENABLE_DEBUG_INFO = INCLUDE_SOURCE;
				MTL_FAST_MATH = YES;
				ONLY_ACTIVE_ARCH = YES;
				SDKROOT = iphoneos;
				SWIFT_ACTIVE_COMPILATION_CONDITIONS = "DEBUG $(inherited)";
				SWIFT_OPTIMIZATION_LEVEL = "-Onone";
			};
			name = Debug;
		};
		1C4C428D2CA43AFE00AFB05D /* Release */ = {
			isa = XCBuildConfiguration;
			buildSettings = {
				ALWAYS_SEARCH_USER_PATHS = NO;
				ASSETCATALOG_COMPILER_GENERATE_SWIFT_ASSET_SYMBOL_EXTENSIONS = YES;
				CLANG_ANALYZER_NONNULL = YES;
				CLANG_ANALYZER_NUMBER_OBJECT_CONVERSION = YES_AGGRESSIVE;
				CLANG_CXX_LANGUAGE_STANDARD = "gnu++20";
				CLANG_ENABLE_MODULES = YES;
				CLANG_ENABLE_OBJC_ARC = YES;
				CLANG_ENABLE_OBJC_WEAK = YES;
				CLANG_WARN_BLOCK_CAPTURE_AUTORELEASING = YES;
				CLANG_WARN_BOOL_CONVERSION = YES;
				CLANG_WARN_COMMA = YES;
				CLANG_WARN_CONSTANT_CONVERSION = YES;
				CLANG_WARN_DEPRECATED_OBJC_IMPLEMENTATIONS = YES;
				CLANG_WARN_DIRECT_OBJC_ISA_USAGE = YES_ERROR;
				CLANG_WARN_DOCUMENTATION_COMMENTS = YES;
				CLANG_WARN_EMPTY_BODY = YES;
				CLANG_WARN_ENUM_CONVERSION = YES;
				CLANG_WARN_INFINITE_RECURSION = YES;
				CLANG_WARN_INT_CONVERSION = YES;
				CLANG_WARN_NON_LITERAL_NULL_CONVERSION = YES;
				CLANG_WARN_OBJC_IMPLICIT_RETAIN_SELF = YES;
				CLANG_WARN_OBJC_LITERAL_CONVERSION = YES;
				CLANG_WARN_OBJC_ROOT_CLASS = YES_ERROR;
				CLANG_WARN_QUOTED_INCLUDE_IN_FRAMEWORK_HEADER = YES;
				CLANG_WARN_RANGE_LOOP_ANALYSIS = YES;
				CLANG_WARN_STRICT_PROTOTYPES = YES;
				CLANG_WARN_SUSPICIOUS_MOVE = YES;
				CLANG_WARN_UNGUARDED_AVAILABILITY = YES_AGGRESSIVE;
				CLANG_WARN_UNREACHABLE_CODE = YES;
				CLANG_WARN__DUPLICATE_METHOD_MATCH = YES;
				COPY_PHASE_STRIP = NO;
				DEBUG_INFORMATION_FORMAT = "dwarf-with-dsym";
				ENABLE_NS_ASSERTIONS = NO;
				ENABLE_STRICT_OBJC_MSGSEND = YES;
				ENABLE_USER_SCRIPT_SANDBOXING = YES;
				GCC_C_LANGUAGE_STANDARD = gnu17;
				GCC_NO_COMMON_BLOCKS = YES;
				GCC_WARN_64_TO_32_BIT_CONVERSION = YES;
				GCC_WARN_ABOUT_RETURN_TYPE = YES_ERROR;
				GCC_WARN_UNDECLARED_SELECTOR = YES;
				GCC_WARN_UNINITIALIZED_AUTOS = YES_AGGRESSIVE;
				GCC_WARN_UNUSED_FUNCTION = YES;
				GCC_WARN_UNUSED_VARIABLE = YES;
				IPHONEOS_DEPLOYMENT_TARGET = 13.0;
				LOCALIZATION_PREFERS_STRING_CATALOGS = YES;
				MTL_ENABLE_DEBUG_INFO = NO;
				MTL_FAST_MATH = YES;
				SDKROOT = iphoneos;
				SWIFT_COMPILATION_MODE = wholemodule;
				VALIDATE_PRODUCT = YES;
			};
			name = Release;
		};
		1C4C428F2CA43AFE00AFB05D /* Debug */ = {
			isa = XCBuildConfiguration;
			buildSettings = {
				ASSETCATALOG_COMPILER_APPICON_NAME = AppIcon;
				ASSETCATALOG_COMPILER_GLOBAL_ACCENT_COLOR_NAME = AccentColor;
				CODE_SIGN_STYLE = Automatic;
				CURRENT_PROJECT_VERSION = 1;
				GENERATE_INFOPLIST_FILE = YES;
				INFOPLIST_FILE = Weather/Info.plist;
				INFOPLIST_KEY_UIApplicationSupportsIndirectInputEvents = YES;
				INFOPLIST_KEY_UILaunchStoryboardName = LaunchScreen;
				INFOPLIST_KEY_UISupportedInterfaceOrientations_iPad = "UIInterfaceOrientationPortrait UIInterfaceOrientationPortraitUpsideDown UIInterfaceOrientationLandscapeLeft UIInterfaceOrientationLandscapeRight";
				INFOPLIST_KEY_UISupportedInterfaceOrientations_iPhone = "UIInterfaceOrientationPortrait UIInterfaceOrientationLandscapeLeft UIInterfaceOrientationLandscapeRight";
				LD_RUNPATH_SEARCH_PATHS = (
					"$(inherited)",
					"@executable_path/Frameworks",
				);
				MARKETING_VERSION = 1.0;
				PRODUCT_BUNDLE_IDENTIFIER = org.test.Weather;
				PRODUCT_NAME = "$(TARGET_NAME)";
				SWIFT_EMIT_LOC_STRINGS = YES;
				SWIFT_VERSION = 5.0;
				TARGETED_DEVICE_FAMILY = "1,2";
			};
			name = Debug;
		};
		1C4C42902CA43AFE00AFB05D /* Release */ = {
			isa = XCBuildConfiguration;
			buildSettings = {
				ASSETCATALOG_COMPILER_APPICON_NAME = AppIcon;
				ASSETCATALOG_COMPILER_GLOBAL_ACCENT_COLOR_NAME = AccentColor;
				CODE_SIGN_STYLE = Automatic;
				CURRENT_PROJECT_VERSION = 1;
				GENERATE_INFOPLIST_FILE = YES;
				INFOPLIST_FILE = Weather/Info.plist;
				INFOPLIST_KEY_UIApplicationSupportsIndirectInputEvents = YES;
				INFOPLIST_KEY_UILaunchStoryboardName = LaunchScreen;
				INFOPLIST_KEY_UISupportedInterfaceOrientations_iPad = "UIInterfaceOrientationPortrait UIInterfaceOrientationPortraitUpsideDown UIInterfaceOrientationLandscapeLeft UIInterfaceOrientationLandscapeRight";
				INFOPLIST_KEY_UISupportedInterfaceOrientations_iPhone = "UIInterfaceOrientationPortrait UIInterfaceOrientationLandscapeLeft UIInterfaceOrientationLandscapeRight";
				LD_RUNPATH_SEARCH_PATHS = (
					"$(inherited)",
					"@executable_path/Frameworks",
				);
				MARKETING_VERSION = 1.0;
				PRODUCT_BUNDLE_IDENTIFIER = org.test.Weather;
				PRODUCT_NAME = "$(TARGET_NAME)";
				SWIFT_EMIT_LOC_STRINGS = YES;
				SWIFT_VERSION = 5.0;
				TARGETED_DEVICE_FAMILY = "1,2";
			};
			name = Release;
		};
		1C4C42922CA43AFE00AFB05D /* Debug */ = {
			isa = XCBuildConfiguration;
			buildSettings = {
				ALWAYS_EMBED_SWIFT_STANDARD_LIBRARIES = YES;
				BUNDLE_LOADER = "$(TEST_HOST)";
				CODE_SIGN_STYLE = Automatic;
				CURRENT_PROJECT_VERSION = 1;
				GENERATE_INFOPLIST_FILE = YES;
				IPHONEOS_DEPLOYMENT_TARGET = 17.2;
				MARKETING_VERSION = 1.0;
				PRODUCT_BUNDLE_IDENTIFIER = org.test.WeatherTests;
				PRODUCT_NAME = "$(TARGET_NAME)";
				SWIFT_EMIT_LOC_STRINGS = NO;
				SWIFT_VERSION = 5.0;
				TARGETED_DEVICE_FAMILY = "1,2";
				TEST_HOST = "$(BUILT_PRODUCTS_DIR)/Weather.app/$(BUNDLE_EXECUTABLE_FOLDER_PATH)/Weather";
			};
			name = Debug;
		};
		1C4C42932CA43AFE00AFB05D /* Release */ = {
			isa = XCBuildConfiguration;
			buildSettings = {
				ALWAYS_EMBED_SWIFT_STANDARD_LIBRARIES = YES;
				BUNDLE_LOADER = "$(TEST_HOST)";
				CODE_SIGN_STYLE = Automatic;
				CURRENT_PROJECT_VERSION = 1;
				GENERATE_INFOPLIST_FILE = YES;
				IPHONEOS_DEPLOYMENT_TARGET = 17.2;
				MARKETING_VERSION = 1.0;
				PRODUCT_BUNDLE_IDENTIFIER = org.test.WeatherTests;
				PRODUCT_NAME = "$(TARGET_NAME)";
				SWIFT_EMIT_LOC_STRINGS = NO;
				SWIFT_VERSION = 5.0;
				TARGETED_DEVICE_FAMILY = "1,2";
				TEST_HOST = "$(BUILT_PRODUCTS_DIR)/Weather.app/$(BUNDLE_EXECUTABLE_FOLDER_PATH)/Weather";
			};
			name = Release;
		};
		1C4C42952CA43AFE00AFB05D /* Debug */ = {
			isa = XCBuildConfiguration;
			buildSettings = {
				ALWAYS_EMBED_SWIFT_STANDARD_LIBRARIES = YES;
				CODE_SIGN_STYLE = Automatic;
				CURRENT_PROJECT_VERSION = 1;
				GENERATE_INFOPLIST_FILE = YES;
				MARKETING_VERSION = 1.0;
				PRODUCT_BUNDLE_IDENTIFIER = org.test.WeatherUITests;
				PRODUCT_NAME = "$(TARGET_NAME)";
				SWIFT_EMIT_LOC_STRINGS = NO;
				SWIFT_VERSION = 5.0;
				TARGETED_DEVICE_FAMILY = "1,2";
				TEST_TARGET_NAME = Weather;
			};
			name = Debug;
		};
		1C4C42962CA43AFE00AFB05D /* Release */ = {
			isa = XCBuildConfiguration;
			buildSettings = {
				ALWAYS_EMBED_SWIFT_STANDARD_LIBRARIES = YES;
				CODE_SIGN_STYLE = Automatic;
				CURRENT_PROJECT_VERSION = 1;
				GENERATE_INFOPLIST_FILE = YES;
				MARKETING_VERSION = 1.0;
				PRODUCT_BUNDLE_IDENTIFIER = org.test.WeatherUITests;
				PRODUCT_NAME = "$(TARGET_NAME)";
				SWIFT_EMIT_LOC_STRINGS = NO;
				SWIFT_VERSION = 5.0;
				TARGETED_DEVICE_FAMILY = "1,2";
				TEST_TARGET_NAME = Weather;
			};
			name = Release;
		};
/* End XCBuildConfiguration section */

/* Begin XCConfigurationList section */
		1C4C425F2CA43AFA00AFB05D /* Build configuration list for PBXProject "Weather" */ = {
			isa = XCConfigurationList;
			buildConfigurations = (
				1C4C428C2CA43AFE00AFB05D /* Debug */,
				1C4C428D2CA43AFE00AFB05D /* Release */,
			);
			defaultConfigurationIsVisible = 0;
			defaultConfigurationName = Release;
		};
		1C4C428E2CA43AFE00AFB05D /* Build configuration list for PBXNativeTarget "Weather" */ = {
			isa = XCConfigurationList;
			buildConfigurations = (
				1C4C428F2CA43AFE00AFB05D /* Debug */,
				1C4C42902CA43AFE00AFB05D /* Release */,
			);
			defaultConfigurationIsVisible = 0;
			defaultConfigurationName = Release;
		};
		1C4C42912CA43AFE00AFB05D /* Build configuration list for PBXNativeTarget "WeatherTests" */ = {
			isa = XCConfigurationList;
			buildConfigurations = (
				1C4C42922CA43AFE00AFB05D /* Debug */,
				1C4C42932CA43AFE00AFB05D /* Release */,
			);
			defaultConfigurationIsVisible = 0;
			defaultConfigurationName = Release;
		};
		1C4C42942CA43AFE00AFB05D /* Build configuration list for PBXNativeTarget "WeatherUITests" */ = {
			isa = XCConfigurationList;
			buildConfigurations = (
				1C4C42952CA43AFE00AFB05D /* Debug */,
				1C4C42962CA43AFE00AFB05D /* Release */,
			);
			defaultConfigurationIsVisible = 0;
			defaultConfigurationName = Release;
		};
/* End XCConfigurationList section */

/* Begin XCRemoteSwiftPackageReference section */
		1C4C42A12CA4415700AFB05D /* XCRemoteSwiftPackageReference "RxSwift" */ = {
			isa = XCRemoteSwiftPackageReference;
			repositoryURL = "https://github.com/ReactiveX/RxSwift.git";
			requirement = {
				kind = upToNextMajorVersion;
				minimumVersion = 6.7.1;
			};
		};
		1C4C42A22CA4416B00AFB05D /* XCRemoteSwiftPackageReference "SnapKit" */ = {
			isa = XCRemoteSwiftPackageReference;
			repositoryURL = "https://github.com/SnapKit/SnapKit.git";
			requirement = {
				kind = upToNextMajorVersion;
				minimumVersion = 5.7.1;
			};
		};
/* End XCRemoteSwiftPackageReference section */

/* Begin XCSwiftPackageProductDependency section */
		1C5C6E582CA46B0E00D89BD9 /* SnapKit */ = {
			isa = XCSwiftPackageProductDependency;
			package = 1C4C42A22CA4416B00AFB05D /* XCRemoteSwiftPackageReference "SnapKit" */;
			productName = SnapKit;
		};
		1C5C6E5C2CA46C2E00D89BD9 /* RxSwift */ = {
			isa = XCSwiftPackageProductDependency;
			package = 1C4C42A12CA4415700AFB05D /* XCRemoteSwiftPackageReference "RxSwift" */;
			productName = RxSwift;
		};
		1C5C6E5E2CA46C3400D89BD9 /* RxCocoa */ = {
			isa = XCSwiftPackageProductDependency;
			package = 1C4C42A12CA4415700AFB05D /* XCRemoteSwiftPackageReference "RxSwift" */;
			productName = RxCocoa;
		};
/* End XCSwiftPackageProductDependency section */
	};
	rootObject = 1C4C425C2CA43AFA00AFB05D /* Project object */;
}
